PODS:
  - boost-for-react-native (1.63.0)
  - DoubleConversion (1.1.5)
  - Folly (2016.09.26.00):
    - boost-for-react-native
    - DoubleConversion
    - GLog
  - GLog (0.3.4)
  - React (0.53.3):
    - React/Core (= 0.53.3)
  - React/Core (0.53.3):
    - yoga (= 0.53.3.React)
  - React/CxxBridge (0.53.3):
    - Folly (= 2016.09.26.00)
    - React/Core
    - React/cxxreact
  - React/cxxreact (0.53.3):
    - boost-for-react-native (= 1.63.0)
    - Folly (= 2016.09.26.00)
    - React/jschelpers
    - React/jsinspector
  - React/DevSupport (0.53.3):
    - React/Core
    - React/RCTWebSocket
  - React/fishhook (0.53.3)
  - React/jschelpers (0.53.3):
    - Folly (= 2016.09.26.00)
    - React/PrivateDatabase
  - React/jsinspector (0.53.3)
  - React/PrivateDatabase (0.53.3)
  - React/RCTAnimation (0.53.3):
    - React/Core
  - React/RCTBlob (0.53.3):
    - React/Core
  - React/RCTImage (0.53.3):
    - React/Core
    - React/RCTNetwork
  - React/RCTLinkingIOS (0.53.3):
    - React/Core
  - React/RCTNetwork (0.53.3):
    - React/Core
  - React/RCTText (0.53.3):
    - React/Core
  - React/RCTWebSocket (0.53.3):
    - React/Core
    - React/fishhook
    - React/RCTBlob
  - RNSVG (6.2.2):
    - React
  - yoga (0.53.3.React)

DEPENDENCIES:
  - DoubleConversion (from `../node_modules/react-native/third-party-podspecs/DoubleConversion.podspec`)
  - Folly (from `../node_modules/react-native/third-party-podspecs/Folly.podspec`)
  - GLog (from `../node_modules/react-native/third-party-podspecs/GLog.podspec`)
  - React/Core (from `../node_modules/react-native`)
  - React/CxxBridge (from `../node_modules/react-native`)
  - React/DevSupport (from `../node_modules/react-native`)
  - React/RCTAnimation (from `../node_modules/react-native`)
  - React/RCTBlob (from `../node_modules/react-native`)
  - React/RCTImage (from `../node_modules/react-native`)
  - React/RCTLinkingIOS (from `../node_modules/react-native`)
  - React/RCTNetwork (from `../node_modules/react-native`)
  - React/RCTText (from `../node_modules/react-native`)
  - React/RCTWebSocket (from `../node_modules/react-native`)
  - RNSVG (from `../node_modules/react-native-svg`)
  - yoga (from `../node_modules/react-native/ReactCommon/yoga`)

EXTERNAL SOURCES:
  DoubleConversion:
    :podspec: ../node_modules/react-native/third-party-podspecs/DoubleConversion.podspec
  Folly:
    :podspec: ../node_modules/react-native/third-party-podspecs/Folly.podspec
  GLog:
    :podspec: ../node_modules/react-native/third-party-podspecs/GLog.podspec
  React:
    :path: ../node_modules/react-native
  RNSVG:
    :path: ../node_modules/react-native-svg
  yoga:
    :path: ../node_modules/react-native/ReactCommon/yoga

SPEC CHECKSUMS:
  boost-for-react-native: 39c7adb57c4e60d6c5479dd8623128eb5b3f0f2c
  DoubleConversion: ebb6747c5b66026ad4f97b789c3ceac6f18e57a6
  Folly: 0e765a0b56a1bf180dcbd51ee178cd3a1e2ab986
  GLog: ed471a3ad6ad53eefb343a530f15dad283e5ef51
  React: af66244a7d630be2aef03b4ddfe3570e4eff39fc
  RNSVG: 6252323c0312735f0af5f58b5adf2965b6a9ffbf
  yoga: 55da126afc384965b96bff46652464373b330add

PODFILE CHECKSUM: dbeaad7f07c3e13303a9ca913523593bd69a45ac

COCOAPODS: 1.4.0
